
Microsoft Visual Studio Solution File, Format Version 12.00
# Visual Studio 15
Project("{F2A71F9B-5D33-465A-A702-920D77279786}") = "HelloWorld", "HelloWorld.fsproj", "{56C00495-6032-4F4D-97FE-E7DBEDFCCBBD}"
EndProject
Global
	GlobalSection(SolutionConfigurationPlatforms) = preSolution
		Debug|Any CPU = Debug|Any CPU
		Release|Any CPU = Release|Any CPU
	EndGlobalSection
	GlobalSection(ProjectConfigurationPlatforms) = postSolution
		{56C00495-6032-4F4D-97FE-E7DBEDFCCBBD}.Debug|Any CPU.ActiveCfg = Debug|Any CPU
		{56C00495-6032-4F4D-97FE-E7DBEDFCCBBD}.Debug|Any CPU.Build.0 = Debug|Any CPU
		{56C00495-6032-4F4D-97FE-E7DBEDFCCBBD}.Release|Any CPU.ActiveCfg = Release|Any CPU
		{56C00495-6032-4F4D-97FE-E7DBEDFCCBBD}.Release|Any CPU.Build.0 = Release|Any CPU
	EndGlobalSection
EndGlobal
